{
  "name": "@ws-cli/exec",
  "version": "1.0.10",
  "lockfileVersion": 3,
  "requires": true,
  "packages": {
    "": {
      "name": "@ws-cli/exec",
      "version": "1.0.10",
      "license": "ISC",
      "dependencies": {
        "@ws-cli/log": "file:../../utils/log",
        "@ws-cli/package": "file:../../models/package"
      }
    },
    "../../models/package": {
      "name": "@ws-cli/package",
      "version": "1.0.8",
      "license": "ISC"
    },
    "../../utils/log": {
      "version": "1.0.8",
      "license": "ISC",
      "dependencies": {
        "npmlog": "^7.0.1"
      }
    },
    "node_modules/@ws-cli/log": {
      "resolved": "../../utils/log",
      "link": true
    },
    "node_modules/@ws-cli/package": {
      "resolved": "../../models/package",
      "link": true
    }
  }
}
